
Microsoft Visual Studio Solution File, Format Version 12.00
# Visual Studio Version 17
VisualStudioVersion = 17.14.36301.6 d17.14
MinimumVisualStudioVersion = 10.0.40219.1
Project("{FAE04EC0-301F-11D3-BF4B-00C04F79EFBC}") = "静默陪伴音乐", "静默陪伴音乐\静默陪伴音乐.csproj", "{2915B616-D031-4DCA-9C7B-D0149E698A2D}"
EndProject
Global
	GlobalSection(SolutionConfigurationPlatforms) = preSolution
		Debug|Any CPU = Debug|Any CPU
		Release|Any CPU = Release|Any CPU
	EndGlobalSection
	GlobalSection(ProjectConfigurationPlatforms) = postSolution
		{2915B616-D031-4DCA-9C7B-D0149E698A2D}.Debug|Any CPU.ActiveCfg = Debug|Any CPU
		{2915B616-D031-4DCA-9C7B-D0149E698A2D}.Debug|Any CPU.Build.0 = Debug|Any CPU
		{2915B616-D031-4DCA-9C7B-D0149E698A2D}.Release|Any CPU.ActiveCfg = Release|Any CPU
		{2915B616-D031-4DCA-9C7B-D0149E698A2D}.Release|Any CPU.Build.0 = Release|Any CPU
	EndGlobalSection
	GlobalSection(SolutionProperties) = preSolution
		HideSolutionNode = FALSE
	EndGlobalSection
	GlobalSection(ExtensibilityGlobals) = postSolution
		SolutionGuid = {F5E672C4-F999-4D34-8143-E4BE3C4DAC0D}
	EndGlobalSection
EndGlobal
